
Microsoft Visual Studio Solution File, Format Version 12.00
# Visual Studio 15
Project("{FAE04EC0-301F-11D3-BF4B-00C04F79EFBC}") = "UnityEngine.UI", "UnityEngine.UI.csproj", "{C776C9E5-A2AE-11B5-D5E1-867C079BE698}"
EndProject
Project("{FAE04EC0-301F-11D3-BF4B-00C04F79EFBC}") = "UnityEngine.TestRunner", "UnityEngine.TestRunner.csproj", "{04572BCB-4941-BF22-4C03-C53DF9C43F21}"
EndProject
Project("{FAE04EC0-301F-11D3-BF4B-00C04F79EFBC}") = "Unity.Mathematics", "Unity.Mathematics.csproj", "{0F77B12E-098F-B44C-A6A9-EEC569D897D8}"
EndProject
Project("{FAE04EC0-301F-11D3-BF4B-00C04F79EFBC}") = "Unity.InputSystem", "Unity.InputSystem.csproj", "{57B48308-C9AC-6BC7-4F0A-66A6C84A0FAC}"
EndProject
Project("{FAE04EC0-301F-11D3-BF4B-00C04F79EFBC}") = "Unity.2D.Animation.Triangle.Runtime", "Unity.2D.Animation.Triangle.Runtime.csproj", "{CA300B34-FB90-A24B-9C92-3D2D7D01CA13}"
EndProject
Project("{FAE04EC0-301F-11D3-BF4B-00C04F79EFBC}") = "Unity.Timeline", "Unity.Timeline.csproj", "{D7A8CF0C-9793-65BA-248F-2108FC0B2147}"
EndProject
Project("{FAE04EC0-301F-11D3-BF4B-00C04F79EFBC}") = "Unity.TextMeshPro", "Unity.TextMeshPro.csproj", "{78835B58-7A0F-8F5A-F056-DD2D978A89F6}"
EndProject
Project("{FAE04EC0-301F-11D3-BF4B-00C04F79EFBC}") = "Unity.2D.Animation.Runtime", "Unity.2D.Animation.Runtime.csproj", "{68A9BB9E-EB98-4FE3-B6C5-1622D26AFB55}"
EndProject
Project("{FAE04EC0-301F-11D3-BF4B-00C04F79EFBC}") = "Assembly-CSharp", "Assembly-CSharp.csproj", "{6EA5611F-E77D-D692-53D1-58F1B76E4DB2}"
EndProject
Project("{FAE04EC0-301F-11D3-BF4B-00C04F79EFBC}") = "Unity.2D.IK.Runtime", "Unity.2D.IK.Runtime.csproj", "{5A39E31C-FD08-4ABD-0048-089ED640AA06}"
EndProject
Project("{FAE04EC0-301F-11D3-BF4B-00C04F79EFBC}") = "Unity.Notifications.Android", "Unity.Notifications.Android.csproj", "{76F7A7F8-F1B5-42BF-A549-0D48776F83F0}"
EndProject
Project("{FAE04EC0-301F-11D3-BF4B-00C04F79EFBC}") = "Unity.2D.SpriteShape.Runtime", "Unity.2D.SpriteShape.Runtime.csproj", "{FE370812-EC4A-95D6-B489-96E5247AC65E}"
EndProject
Project("{FAE04EC0-301F-11D3-BF4B-00C04F79EFBC}") = "Unity.Notifications.iOS", "Unity.Notifications.iOS.csproj", "{4D555244-1531-F23D-D46C-7BF5DB05FFCC}"
EndProject
Project("{FAE04EC0-301F-11D3-BF4B-00C04F79EFBC}") = "Unity.2D.PixelPerfect", "Unity.2D.PixelPerfect.csproj", "{AB569DCB-5A84-5788-B888-563650191294}"
EndProject
Project("{FAE04EC0-301F-11D3-BF4B-00C04F79EFBC}") = "Unity.2D.Common.Runtime", "Unity.2D.Common.Runtime.csproj", "{DB280FDC-9923-901C-5F0B-DBEB2C92362E}"
EndProject
Project("{FAE04EC0-301F-11D3-BF4B-00C04F79EFBC}") = "Unity.InternalAPIEngineBridge.001", "Unity.InternalAPIEngineBridge.001.csproj", "{E41243D1-7A12-9B89-813F-3A586F549287}"
EndProject
Project("{FAE04EC0-301F-11D3-BF4B-00C04F79EFBC}") = "Unity.Timeline.Editor", "Unity.Timeline.Editor.csproj", "{C5F947FE-69E3-1034-44AE-781D2E3D9553}"
EndProject
Project("{FAE04EC0-301F-11D3-BF4B-00C04F79EFBC}") = "Unity.TextMeshPro.Editor", "Unity.TextMeshPro.Editor.csproj", "{B50F333A-C062-E733-E06B-6E1F16EA2C3B}"
EndProject
Project("{FAE04EC0-301F-11D3-BF4B-00C04F79EFBC}") = "Unity.2D.Animation.Editor", "Unity.2D.Animation.Editor.csproj", "{D1B00DE7-E5A3-ECB5-4FE4-604F63DA607E}"
EndProject
Project("{FAE04EC0-301F-11D3-BF4B-00C04F79EFBC}") = "UnityEditor.TestRunner", "UnityEditor.TestRunner.csproj", "{8D819BD6-5D48-EF18-A638-8DCB3F1CBC40}"
EndProject
Project("{FAE04EC0-301F-11D3-BF4B-00C04F79EFBC}") = "UnityEditor.UI", "UnityEditor.UI.csproj", "{9511C0C0-3E14-D1A1-B856-AF2715A02B52}"
EndProject
Project("{FAE04EC0-301F-11D3-BF4B-00C04F79EFBC}") = "Unity.VisualStudio.Editor", "Unity.VisualStudio.Editor.csproj", "{BA97BD5E-62AA-A042-996D-CBB3B775847D}"
EndProject
Project("{FAE04EC0-301F-11D3-BF4B-00C04F79EFBC}") = "Unity.2D.Psdimporter.Editor", "Unity.2D.Psdimporter.Editor.csproj", "{FB82D124-356B-4D58-45DB-26B83131BCE5}"
EndProject
Project("{FAE04EC0-301F-11D3-BF4B-00C04F79EFBC}") = "Unity.2D.SpriteShape.Editor", "Unity.2D.SpriteShape.Editor.csproj", "{5432C551-3598-D900-2C5E-B510A06626FC}"
EndProject
Project("{FAE04EC0-301F-11D3-BF4B-00C04F79EFBC}") = "Unity.CollabProxy.Editor", "Unity.CollabProxy.Editor.csproj", "{8DB260E0-6FF6-E021-A81F-ABCE97EEEE77}"
EndProject
Project("{FAE04EC0-301F-11D3-BF4B-00C04F79EFBC}") = "PsdPlugin", "PsdPlugin.csproj", "{0F1AE95B-A276-5674-E705-638F05C9BB5E}"
EndProject
Project("{FAE04EC0-301F-11D3-BF4B-00C04F79EFBC}") = "Unity.2D.Path.Editor", "Unity.2D.Path.Editor.csproj", "{14BF70EC-83C9-A5AE-8D17-46A508A78A33}"
EndProject
Project("{FAE04EC0-301F-11D3-BF4B-00C04F79EFBC}") = "Unity.Mobile.AndroidLogcat.Editor", "Unity.Mobile.AndroidLogcat.Editor.csproj", "{321AB51F-40E3-56B3-E0B1-08E9742EA15F}"
EndProject
Project("{FAE04EC0-301F-11D3-BF4B-00C04F79EFBC}") = "Unity.Rider.Editor", "Unity.Rider.Editor.csproj", "{A047D063-F7A2-AF45-8F80-D239CA3EE916}"
EndProject
Project("{FAE04EC0-301F-11D3-BF4B-00C04F79EFBC}") = "Unity.DeviceSimulator.Editor", "Unity.DeviceSimulator.Editor.csproj", "{24CC3D7D-3ED5-B9FF-6D87-5ADF2AACD059}"
EndProject
Project("{FAE04EC0-301F-11D3-BF4B-00C04F79EFBC}") = "Unity.2D.IK.Editor", "Unity.2D.IK.Editor.csproj", "{A31B64C0-0B54-9BDF-802E-3D598E73C952}"
EndProject
Project("{FAE04EC0-301F-11D3-BF4B-00C04F79EFBC}") = "Unity.2D.Sprite.Editor", "Unity.2D.Sprite.Editor.csproj", "{2008E0E1-7F84-A452-90BC-07CF526B662A}"
EndProject
Project("{FAE04EC0-301F-11D3-BF4B-00C04F79EFBC}") = "Unity.2D.Tilemap.Editor", "Unity.2D.Tilemap.Editor.csproj", "{5E08295C-7832-B050-2851-5D1A52F64C48}"
EndProject
Project("{FAE04EC0-301F-11D3-BF4B-00C04F79EFBC}") = "Unity.2D.PixelPerfect.Editor", "Unity.2D.PixelPerfect.Editor.csproj", "{F6E646E4-2BC7-BA5B-58C5-BCB910DA5239}"
EndProject
Project("{FAE04EC0-301F-11D3-BF4B-00C04F79EFBC}") = "Unity.VSCode.Editor", "Unity.VSCode.Editor.csproj", "{7147EDEC-D3A1-2415-CE66-DF1F0EB60E16}"
EndProject
Project("{FAE04EC0-301F-11D3-BF4B-00C04F79EFBC}") = "Unity.Notifications", "Unity.Notifications.csproj", "{75679D7C-5AC9-DC6C-A55B-0DE9DA631A57}"
EndProject
Project("{FAE04EC0-301F-11D3-BF4B-00C04F79EFBC}") = "Unity.2D.Common.Editor", "Unity.2D.Common.Editor.csproj", "{41B27EAA-E98E-6E8F-8568-699BCD76EBE9}"
EndProject
Project("{FAE04EC0-301F-11D3-BF4B-00C04F79EFBC}") = "Unity.Mathematics.Editor", "Unity.Mathematics.Editor.csproj", "{7DC9E513-0232-8F97-283B-1B2596B5F1BF}"
EndProject
Project("{FAE04EC0-301F-11D3-BF4B-00C04F79EFBC}") = "Unity.InternalAPIEditorBridge.001", "Unity.InternalAPIEditorBridge.001.csproj", "{90858C4F-56F0-0581-DED7-1A34FB199654}"
EndProject
Project("{FAE04EC0-301F-11D3-BF4B-00C04F79EFBC}") = "UnityEngine.UI", "UnityEngine.UI.Player.csproj", "{10639F75-A6B6-ED97-465D-D23A31AFADDD}"
EndProject
Project("{FAE04EC0-301F-11D3-BF4B-00C04F79EFBC}") = "UnityEngine.TestRunner", "UnityEngine.TestRunner.Player.csproj", "{BB4123D0-905B-AE09-56FD-BE7E207BBABA}"
EndProject
Project("{FAE04EC0-301F-11D3-BF4B-00C04F79EFBC}") = "Unity.Mathematics", "Unity.Mathematics.Player.csproj", "{74D04234-2139-B3F7-4493-A5099023C27E}"
EndProject
Project("{FAE04EC0-301F-11D3-BF4B-00C04F79EFBC}") = "Unity.InputSystem", "Unity.InputSystem.Player.csproj", "{BAA9411F-D650-D252-7967-A6D482831973}"
EndProject
Project("{FAE04EC0-301F-11D3-BF4B-00C04F79EFBC}") = "Unity.2D.Animation.Triangle.Runtime", "Unity.2D.Animation.Triangle.Runtime.Player.csproj", "{0075533D-C1C0-6132-2683-76AD26D7DC94}"
EndProject
Project("{FAE04EC0-301F-11D3-BF4B-00C04F79EFBC}") = "Unity.Timeline", "Unity.Timeline.Player.csproj", "{553C10EE-8E71-8CBE-5E01-888C0ACB1720}"
EndProject
Project("{FAE04EC0-301F-11D3-BF4B-00C04F79EFBC}") = "Unity.TextMeshPro", "Unity.TextMeshPro.Player.csproj", "{C87C2A44-7302-4FB0-8622-2A0F543BBE13}"
EndProject
Project("{FAE04EC0-301F-11D3-BF4B-00C04F79EFBC}") = "Unity.2D.Animation.Runtime", "Unity.2D.Animation.Runtime.Player.csproj", "{BBC3AFE2-7A3D-1C72-8786-6F9BC229590A}"
EndProject
Project("{FAE04EC0-301F-11D3-BF4B-00C04F79EFBC}") = "Assembly-CSharp", "Assembly-CSharp.Player.csproj", "{32890AF2-DDE4-32F8-6499-C3A3048B8087}"
EndProject
Project("{FAE04EC0-301F-11D3-BF4B-00C04F79EFBC}") = "Unity.2D.IK.Runtime", "Unity.2D.IK.Runtime.Player.csproj", "{51BA4E84-5DC6-A668-6140-61DC3494F61C}"
EndProject
Project("{FAE04EC0-301F-11D3-BF4B-00C04F79EFBC}") = "Unity.2D.SpriteShape.Runtime", "Unity.2D.SpriteShape.Runtime.Player.csproj", "{8B63C073-8F00-2EFB-CCA6-AC4888EDBF49}"
EndProject
Project("{FAE04EC0-301F-11D3-BF4B-00C04F79EFBC}") = "Unity.2D.PixelPerfect", "Unity.2D.PixelPerfect.Player.csproj", "{2F2244D6-E180-345C-C26D-6D47161534B8}"
EndProject
Project("{FAE04EC0-301F-11D3-BF4B-00C04F79EFBC}") = "Unity.2D.Common.Runtime", "Unity.2D.Common.Runtime.Player.csproj", "{1F756C29-C098-684A-632B-461F3BE62887}"
EndProject
Project("{FAE04EC0-301F-11D3-BF4B-00C04F79EFBC}") = "Unity.InternalAPIEngineBridge.001", "Unity.InternalAPIEngineBridge.001.Player.csproj", "{50C54021-FF6B-9382-7B53-092F50AFE7DD}"
EndProject
Global
	GlobalSection(SolutionConfigurationPlatforms) = preSolution
		Debug|Any CPU = Debug|Any CPU
		Release|Any CPU = Release|Any CPU
	EndGlobalSection
	GlobalSection(ProjectConfigurationPlatforms) = postSolution
		{C776C9E5-A2AE-11B5-D5E1-867C079BE698}.Debug|Any CPU.ActiveCfg = Debug|Any CPU
		{C776C9E5-A2AE-11B5-D5E1-867C079BE698}.Debug|Any CPU.Build.0 = Debug|Any CPU
		{C776C9E5-A2AE-11B5-D5E1-867C079BE698}.Release|Any CPU.ActiveCfg = Release|Any CPU
		{C776C9E5-A2AE-11B5-D5E1-867C079BE698}.Release|Any CPU.Build.0 = Release|Any CPU
		{04572BCB-4941-BF22-4C03-C53DF9C43F21}.Debug|Any CPU.ActiveCfg = Debug|Any CPU
		{04572BCB-4941-BF22-4C03-C53DF9C43F21}.Debug|Any CPU.Build.0 = Debug|Any CPU
		{04572BCB-4941-BF22-4C03-C53DF9C43F21}.Release|Any CPU.ActiveCfg = Release|Any CPU
		{04572BCB-4941-BF22-4C03-C53DF9C43F21}.Release|Any CPU.Build.0 = Release|Any CPU
		{0F77B12E-098F-B44C-A6A9-EEC569D897D8}.Debug|Any CPU.ActiveCfg = Debug|Any CPU
		{0F77B12E-098F-B44C-A6A9-EEC569D897D8}.Debug|Any CPU.Build.0 = Debug|Any CPU
		{0F77B12E-098F-B44C-A6A9-EEC569D897D8}.Release|Any CPU.ActiveCfg = Release|Any CPU
		{0F77B12E-098F-B44C-A6A9-EEC569D897D8}.Release|Any CPU.Build.0 = Release|Any CPU
		{57B48308-C9AC-6BC7-4F0A-66A6C84A0FAC}.Debug|Any CPU.ActiveCfg = Debug|Any CPU
		{57B48308-C9AC-6BC7-4F0A-66A6C84A0FAC}.Debug|Any CPU.Build.0 = Debug|Any CPU
		{57B48308-C9AC-6BC7-4F0A-66A6C84A0FAC}.Release|Any CPU.ActiveCfg = Release|Any CPU
		{57B48308-C9AC-6BC7-4F0A-66A6C84A0FAC}.Release|Any CPU.Build.0 = Release|Any CPU
		{CA300B34-FB90-A24B-9C92-3D2D7D01CA13}.Debug|Any CPU.ActiveCfg = Debug|Any CPU
		{CA300B34-FB90-A24B-9C92-3D2D7D01CA13}.Debug|Any CPU.Build.0 = Debug|Any CPU
		{CA300B34-FB90-A24B-9C92-3D2D7D01CA13}.Release|Any CPU.ActiveCfg = Release|Any CPU
		{CA300B34-FB90-A24B-9C92-3D2D7D01CA13}.Release|Any CPU.Build.0 = Release|Any CPU
		{D7A8CF0C-9793-65BA-248F-2108FC0B2147}.Debug|Any CPU.ActiveCfg = Debug|Any CPU
		{D7A8CF0C-9793-65BA-248F-2108FC0B2147}.Debug|Any CPU.Build.0 = Debug|Any CPU
		{D7A8CF0C-9793-65BA-248F-2108FC0B2147}.Release|Any CPU.ActiveCfg = Release|Any CPU
		{D7A8CF0C-9793-65BA-248F-2108FC0B2147}.Release|Any CPU.Build.0 = Release|Any CPU
		{78835B58-7A0F-8F5A-F056-DD2D978A89F6}.Debug|Any CPU.ActiveCfg = Debug|Any CPU
		{78835B58-7A0F-8F5A-F056-DD2D978A89F6}.Debug|Any CPU.Build.0 = Debug|Any CPU
		{78835B58-7A0F-8F5A-F056-DD2D978A89F6}.Release|Any CPU.ActiveCfg = Release|Any CPU
		{78835B58-7A0F-8F5A-F056-DD2D978A89F6}.Release|Any CPU.Build.0 = Release|Any CPU
		{68A9BB9E-EB98-4FE3-B6C5-1622D26AFB55}.Debug|Any CPU.ActiveCfg = Debug|Any CPU
		{68A9BB9E-EB98-4FE3-B6C5-1622D26AFB55}.Debug|Any CPU.Build.0 = Debug|Any CPU
		{68A9BB9E-EB98-4FE3-B6C5-1622D26AFB55}.Release|Any CPU.ActiveCfg = Release|Any CPU
		{68A9BB9E-EB98-4FE3-B6C5-1622D26AFB55}.Release|Any CPU.Build.0 = Release|Any CPU
		{6EA5611F-E77D-D692-53D1-58F1B76E4DB2}.Debug|Any CPU.ActiveCfg = Debug|Any CPU
		{6EA5611F-E77D-D692-53D1-58F1B76E4DB2}.Debug|Any CPU.Build.0 = Debug|Any CPU
		{6EA5611F-E77D-D692-53D1-58F1B76E4DB2}.Release|Any CPU.ActiveCfg = Release|Any CPU
		{6EA5611F-E77D-D692-53D1-58F1B76E4DB2}.Release|Any CPU.Build.0 = Release|Any CPU
		{5A39E31C-FD08-4ABD-0048-089ED640AA06}.Debug|Any CPU.ActiveCfg = Debug|Any CPU
		{5A39E31C-FD08-4ABD-0048-089ED640AA06}.Debug|Any CPU.Build.0 = Debug|Any CPU
		{5A39E31C-FD08-4ABD-0048-089ED640AA06}.Release|Any CPU.ActiveCfg = Release|Any CPU
		{5A39E31C-FD08-4ABD-0048-089ED640AA06}.Release|Any CPU.Build.0 = Release|Any CPU
		{76F7A7F8-F1B5-42BF-A549-0D48776F83F0}.Debug|Any CPU.ActiveCfg = Debug|Any CPU
		{76F7A7F8-F1B5-42BF-A549-0D48776F83F0}.Debug|Any CPU.Build.0 = Debug|Any CPU
		{76F7A7F8-F1B5-42BF-A549-0D48776F83F0}.Release|Any CPU.ActiveCfg = Release|Any CPU
		{76F7A7F8-F1B5-42BF-A549-0D48776F83F0}.Release|Any CPU.Build.0 = Release|Any CPU
		{FE370812-EC4A-95D6-B489-96E5247AC65E}.Debug|Any CPU.ActiveCfg = Debug|Any CPU
		{FE370812-EC4A-95D6-B489-96E5247AC65E}.Debug|Any CPU.Build.0 = Debug|Any CPU
		{FE370812-EC4A-95D6-B489-96E5247AC65E}.Release|Any CPU.ActiveCfg = Release|Any CPU
		{FE370812-EC4A-95D6-B489-96E5247AC65E}.Release|Any CPU.Build.0 = Release|Any CPU
		{4D555244-1531-F23D-D46C-7BF5DB05FFCC}.Debug|Any CPU.ActiveCfg = Debug|Any CPU
		{4D555244-1531-F23D-D46C-7BF5DB05FFCC}.Debug|Any CPU.Build.0 = Debug|Any CPU
		{4D555244-1531-F23D-D46C-7BF5DB05FFCC}.Release|Any CPU.ActiveCfg = Release|Any CPU
		{4D555244-1531-F23D-D46C-7BF5DB05FFCC}.Release|Any CPU.Build.0 = Release|Any CPU
		{AB569DCB-5A84-5788-B888-563650191294}.Debug|Any CPU.ActiveCfg = Debug|Any CPU
		{AB569DCB-5A84-5788-B888-563650191294}.Debug|Any CPU.Build.0 = Debug|Any CPU
		{AB569DCB-5A84-5788-B888-563650191294}.Release|Any CPU.ActiveCfg = Release|Any CPU
		{AB569DCB-5A84-5788-B888-563650191294}.Release|Any CPU.Build.0 = Release|Any CPU
		{DB280FDC-9923-901C-5F0B-DBEB2C92362E}.Debug|Any CPU.ActiveCfg = Debug|Any CPU
		{DB280FDC-9923-901C-5F0B-DBEB2C92362E}.Debug|Any CPU.Build.0 = Debug|Any CPU
		{DB280FDC-9923-901C-5F0B-DBEB2C92362E}.Release|Any CPU.ActiveCfg = Release|Any CPU
		{DB280FDC-9923-901C-5F0B-DBEB2C92362E}.Release|Any CPU.Build.0 = Release|Any CPU
		{E41243D1-7A12-9B89-813F-3A586F549287}.Debug|Any CPU.ActiveCfg = Debug|Any CPU
		{E41243D1-7A12-9B89-813F-3A586F549287}.Debug|Any CPU.Build.0 = Debug|Any CPU
		{E41243D1-7A12-9B89-813F-3A586F549287}.Release|Any CPU.ActiveCfg = Release|Any CPU
		{E41243D1-7A12-9B89-813F-3A586F549287}.Release|Any CPU.Build.0 = Release|Any CPU
		{C5F947FE-69E3-1034-44AE-781D2E3D9553}.Debug|Any CPU.ActiveCfg = Debug|Any CPU
		{C5F947FE-69E3-1034-44AE-781D2E3D9553}.Debug|Any CPU.Build.0 = Debug|Any CPU
		{C5F947FE-69E3-1034-44AE-781D2E3D9553}.Release|Any CPU.ActiveCfg = Release|Any CPU
		{C5F947FE-69E3-1034-44AE-781D2E3D9553}.Release|Any CPU.Build.0 = Release|Any CPU
		{B50F333A-C062-E733-E06B-6E1F16EA2C3B}.Debug|Any CPU.ActiveCfg = Debug|Any CPU
		{B50F333A-C062-E733-E06B-6E1F16EA2C3B}.Debug|Any CPU.Build.0 = Debug|Any CPU
		{B50F333A-C062-E733-E06B-6E1F16EA2C3B}.Release|Any CPU.ActiveCfg = Release|Any CPU
		{B50F333A-C062-E733-E06B-6E1F16EA2C3B}.Release|Any CPU.Build.0 = Release|Any CPU
		{D1B00DE7-E5A3-ECB5-4FE4-604F63DA607E}.Debug|Any CPU.ActiveCfg = Debug|Any CPU
		{D1B00DE7-E5A3-ECB5-4FE4-604F63DA607E}.Debug|Any CPU.Build.0 = Debug|Any CPU
		{D1B00DE7-E5A3-ECB5-4FE4-604F63DA607E}.Release|Any CPU.ActiveCfg = Release|Any CPU
		{D1B00DE7-E5A3-ECB5-4FE4-604F63DA607E}.Release|Any CPU.Build.0 = Release|Any CPU
		{8D819BD6-5D48-EF18-A638-8DCB3F1CBC40}.Debug|Any CPU.ActiveCfg = Debug|Any CPU
		{8D819BD6-5D48-EF18-A638-8DCB3F1CBC40}.Debug|Any CPU.Build.0 = Debug|Any CPU
		{8D819BD6-5D48-EF18-A638-8DCB3F1CBC40}.Release|Any CPU.ActiveCfg = Release|Any CPU
		{8D819BD6-5D48-EF18-A638-8DCB3F1CBC40}.Release|Any CPU.Build.0 = Release|Any CPU
		{9511C0C0-3E14-D1A1-B856-AF2715A02B52}.Debug|Any CPU.ActiveCfg = Debug|Any CPU
		{9511C0C0-3E14-D1A1-B856-AF2715A02B52}.Debug|Any CPU.Build.0 = Debug|Any CPU
		{9511C0C0-3E14-D1A1-B856-AF2715A02B52}.Release|Any CPU.ActiveCfg = Release|Any CPU
		{9511C0C0-3E14-D1A1-B856-AF2715A02B52}.Release|Any CPU.Build.0 = Release|Any CPU
		{BA97BD5E-62AA-A042-996D-CBB3B775847D}.Debug|Any CPU.ActiveCfg = Debug|Any CPU
		{BA97BD5E-62AA-A042-996D-CBB3B775847D}.Debug|Any CPU.Build.0 = Debug|Any CPU
		{BA97BD5E-62AA-A042-996D-CBB3B775847D}.Release|Any CPU.ActiveCfg = Release|Any CPU
		{BA97BD5E-62AA-A042-996D-CBB3B775847D}.Release|Any CPU.Build.0 = Release|Any CPU
		{FB82D124-356B-4D58-45DB-26B83131BCE5}.Debug|Any CPU.ActiveCfg = Debug|Any CPU
		{FB82D124-356B-4D58-45DB-26B83131BCE5}.Debug|Any CPU.Build.0 = Debug|Any CPU
		{FB82D124-356B-4D58-45DB-26B83131BCE5}.Release|Any CPU.ActiveCfg = Release|Any CPU
		{FB82D124-356B-4D58-45DB-26B83131BCE5}.Release|Any CPU.Build.0 = Release|Any CPU
		{5432C551-3598-D900-2C5E-B510A06626FC}.Debug|Any CPU.ActiveCfg = Debug|Any CPU
		{5432C551-3598-D900-2C5E-B510A06626FC}.Debug|Any CPU.Build.0 = Debug|Any CPU
		{5432C551-3598-D900-2C5E-B510A06626FC}.Release|Any CPU.ActiveCfg = Release|Any CPU
		{5432C551-3598-D900-2C5E-B510A06626FC}.Release|Any CPU.Build.0 = Release|Any CPU
		{8DB260E0-6FF6-E021-A81F-ABCE97EEEE77}.Debug|Any CPU.ActiveCfg = Debug|Any CPU
		{8DB260E0-6FF6-E021-A81F-ABCE97EEEE77}.Debug|Any CPU.Build.0 = Debug|Any CPU
		{8DB260E0-6FF6-E021-A81F-ABCE97EEEE77}.Release|Any CPU.ActiveCfg = Release|Any CPU
		{8DB260E0-6FF6-E021-A81F-ABCE97EEEE77}.Release|Any CPU.Build.0 = Release|Any CPU
		{0F1AE95B-A276-5674-E705-638F05C9BB5E}.Debug|Any CPU.ActiveCfg = Debug|Any CPU
		{0F1AE95B-A276-5674-E705-638F05C9BB5E}.Debug|Any CPU.Build.0 = Debug|Any CPU
		{0F1AE95B-A276-5674-E705-638F05C9BB5E}.Release|Any CPU.ActiveCfg = Release|Any CPU
		{0F1AE95B-A276-5674-E705-638F05C9BB5E}.Release|Any CPU.Build.0 = Release|Any CPU
		{14BF70EC-83C9-A5AE-8D17-46A508A78A33}.Debug|Any CPU.ActiveCfg = Debug|Any CPU
		{14BF70EC-83C9-A5AE-8D17-46A508A78A33}.Debug|Any CPU.Build.0 = Debug|Any CPU
		{14BF70EC-83C9-A5AE-8D17-46A508A78A33}.Release|Any CPU.ActiveCfg = Release|Any CPU
		{14BF70EC-83C9-A5AE-8D17-46A508A78A33}.Release|Any CPU.Build.0 = Release|Any CPU
		{321AB51F-40E3-56B3-E0B1-08E9742EA15F}.Debug|Any CPU.ActiveCfg = Debug|Any CPU
		{321AB51F-40E3-56B3-E0B1-08E9742EA15F}.Debug|Any CPU.Build.0 = Debug|Any CPU
		{321AB51F-40E3-56B3-E0B1-08E9742EA15F}.Release|Any CPU.ActiveCfg = Release|Any CPU
		{321AB51F-40E3-56B3-E0B1-08E9742EA15F}.Release|Any CPU.Build.0 = Release|Any CPU
		{A047D063-F7A2-AF45-8F80-D239CA3EE916}.Debug|Any CPU.ActiveCfg = Debug|Any CPU
		{A047D063-F7A2-AF45-8F80-D239CA3EE916}.Debug|Any CPU.Build.0 = Debug|Any CPU
		{A047D063-F7A2-AF45-8F80-D239CA3EE916}.Release|Any CPU.ActiveCfg = Release|Any CPU
		{A047D063-F7A2-AF45-8F80-D239CA3EE916}.Release|Any CPU.Build.0 = Release|Any CPU
		{24CC3D7D-3ED5-B9FF-6D87-5ADF2AACD059}.Debug|Any CPU.ActiveCfg = Debug|Any CPU
		{24CC3D7D-3ED5-B9FF-6D87-5ADF2AACD059}.Debug|Any CPU.Build.0 = Debug|Any CPU
		{24CC3D7D-3ED5-B9FF-6D87-5ADF2AACD059}.Release|Any CPU.ActiveCfg = Release|Any CPU
		{24CC3D7D-3ED5-B9FF-6D87-5ADF2AACD059}.Release|Any CPU.Build.0 = Release|Any CPU
		{A31B64C0-0B54-9BDF-802E-3D598E73C952}.Debug|Any CPU.ActiveCfg = Debug|Any CPU
		{A31B64C0-0B54-9BDF-802E-3D598E73C952}.Debug|Any CPU.Build.0 = Debug|Any CPU
		{A31B64C0-0B54-9BDF-802E-3D598E73C952}.Release|Any CPU.ActiveCfg = Release|Any CPU
		{A31B64C0-0B54-9BDF-802E-3D598E73C952}.Release|Any CPU.Build.0 = Release|Any CPU
		{2008E0E1-7F84-A452-90BC-07CF526B662A}.Debug|Any CPU.ActiveCfg = Debug|Any CPU
		{2008E0E1-7F84-A452-90BC-07CF526B662A}.Debug|Any CPU.Build.0 = Debug|Any CPU
		{2008E0E1-7F84-A452-90BC-07CF526B662A}.Release|Any CPU.ActiveCfg = Release|Any CPU
		{2008E0E1-7F84-A452-90BC-07CF526B662A}.Release|Any CPU.Build.0 = Release|Any CPU
		{5E08295C-7832-B050-2851-5D1A52F64C48}.Debug|Any CPU.ActiveCfg = Debug|Any CPU
		{5E08295C-7832-B050-2851-5D1A52F64C48}.Debug|Any CPU.Build.0 = Debug|Any CPU
		{5E08295C-7832-B050-2851-5D1A52F64C48}.Release|Any CPU.ActiveCfg = Release|Any CPU
		{5E08295C-7832-B050-2851-5D1A52F64C48}.Release|Any CPU.Build.0 = Release|Any CPU
		{F6E646E4-2BC7-BA5B-58C5-BCB910DA5239}.Debug|Any CPU.ActiveCfg = Debug|Any CPU
		{F6E646E4-2BC7-BA5B-58C5-BCB910DA5239}.Debug|Any CPU.Build.0 = Debug|Any CPU
		{F6E646E4-2BC7-BA5B-58C5-BCB910DA5239}.Release|Any CPU.ActiveCfg = Release|Any CPU
		{F6E646E4-2BC7-BA5B-58C5-BCB910DA5239}.Release|Any CPU.Build.0 = Release|Any CPU
		{7147EDEC-D3A1-2415-CE66-DF1F0EB60E16}.Debug|Any CPU.ActiveCfg = Debug|Any CPU
		{7147EDEC-D3A1-2415-CE66-DF1F0EB60E16}.Debug|Any CPU.Build.0 = Debug|Any CPU
		{7147EDEC-D3A1-2415-CE66-DF1F0EB60E16}.Release|Any CPU.ActiveCfg = Release|Any CPU
		{7147EDEC-D3A1-2415-CE66-DF1F0EB60E16}.Release|Any CPU.Build.0 = Release|Any CPU
		{75679D7C-5AC9-DC6C-A55B-0DE9DA631A57}.Debug|Any CPU.ActiveCfg = Debug|Any CPU
		{75679D7C-5AC9-DC6C-A55B-0DE9DA631A57}.Debug|Any CPU.Build.0 = Debug|Any CPU
		{75679D7C-5AC9-DC6C-A55B-0DE9DA631A57}.Release|Any CPU.ActiveCfg = Release|Any CPU
		{75679D7C-5AC9-DC6C-A55B-0DE9DA631A57}.Release|Any CPU.Build.0 = Release|Any CPU
		{41B27EAA-E98E-6E8F-8568-699BCD76EBE9}.Debug|Any CPU.ActiveCfg = Debug|Any CPU
		{41B27EAA-E98E-6E8F-8568-699BCD76EBE9}.Debug|Any CPU.Build.0 = Debug|Any CPU
		{41B27EAA-E98E-6E8F-8568-699BCD76EBE9}.Release|Any CPU.ActiveCfg = Release|Any CPU
		{41B27EAA-E98E-6E8F-8568-699BCD76EBE9}.Release|Any CPU.Build.0 = Release|Any CPU
		{7DC9E513-0232-8F97-283B-1B2596B5F1BF}.Debug|Any CPU.ActiveCfg = Debug|Any CPU
		{7DC9E513-0232-8F97-283B-1B2596B5F1BF}.Debug|Any CPU.Build.0 = Debug|Any CPU
		{7DC9E513-0232-8F97-283B-1B2596B5F1BF}.Release|Any CPU.ActiveCfg = Release|Any CPU
		{7DC9E513-0232-8F97-283B-1B2596B5F1BF}.Release|Any CPU.Build.0 = Release|Any CPU
		{90858C4F-56F0-0581-DED7-1A34FB199654}.Debug|Any CPU.ActiveCfg = Debug|Any CPU
		{90858C4F-56F0-0581-DED7-1A34FB199654}.Debug|Any CPU.Build.0 = Debug|Any CPU
		{90858C4F-56F0-0581-DED7-1A34FB199654}.Release|Any CPU.ActiveCfg = Release|Any CPU
		{90858C4F-56F0-0581-DED7-1A34FB199654}.Release|Any CPU.Build.0 = Release|Any CPU
		{10639F75-A6B6-ED97-465D-D23A31AFADDD}.Debug|Any CPU.ActiveCfg = Debug|Any CPU
		{10639F75-A6B6-ED97-465D-D23A31AFADDD}.Debug|Any CPU.Build.0 = Debug|Any CPU
		{10639F75-A6B6-ED97-465D-D23A31AFADDD}.Release|Any CPU.ActiveCfg = Release|Any CPU
		{10639F75-A6B6-ED97-465D-D23A31AFADDD}.Release|Any CPU.Build.0 = Release|Any CPU
		{BB4123D0-905B-AE09-56FD-BE7E207BBABA}.Debug|Any CPU.ActiveCfg = Debug|Any CPU
		{BB4123D0-905B-AE09-56FD-BE7E207BBABA}.Debug|Any CPU.Build.0 = Debug|Any CPU
		{BB4123D0-905B-AE09-56FD-BE7E207BBABA}.Release|Any CPU.ActiveCfg = Release|Any CPU
		{BB4123D0-905B-AE09-56FD-BE7E207BBABA}.Release|Any CPU.Build.0 = Release|Any CPU
		{74D04234-2139-B3F7-4493-A5099023C27E}.Debug|Any CPU.ActiveCfg = Debug|Any CPU
		{74D04234-2139-B3F7-4493-A5099023C27E}.Debug|Any CPU.Build.0 = Debug|Any CPU
		{74D04234-2139-B3F7-4493-A5099023C27E}.Release|Any CPU.ActiveCfg = Release|Any CPU
		{74D04234-2139-B3F7-4493-A5099023C27E}.Release|Any CPU.Build.0 = Release|Any CPU
		{BAA9411F-D650-D252-7967-A6D482831973}.Debug|Any CPU.ActiveCfg = Debug|Any CPU
		{BAA9411F-D650-D252-7967-A6D482831973}.Debug|Any CPU.Build.0 = Debug|Any CPU
		{BAA9411F-D650-D252-7967-A6D482831973}.Release|Any CPU.ActiveCfg = Release|Any CPU
		{BAA9411F-D650-D252-7967-A6D482831973}.Release|Any CPU.Build.0 = Release|Any CPU
		{0075533D-C1C0-6132-2683-76AD26D7DC94}.Debug|Any CPU.ActiveCfg = Debug|Any CPU
		{0075533D-C1C0-6132-2683-76AD26D7DC94}.Debug|Any CPU.Build.0 = Debug|Any CPU
		{0075533D-C1C0-6132-2683-76AD26D7DC94}.Release|Any CPU.ActiveCfg = Release|Any CPU
		{0075533D-C1C0-6132-2683-76AD26D7DC94}.Release|Any CPU.Build.0 = Release|Any CPU
		{553C10EE-8E71-8CBE-5E01-888C0ACB1720}.Debug|Any CPU.ActiveCfg = Debug|Any CPU
		{553C10EE-8E71-8CBE-5E01-888C0ACB1720}.Debug|Any CPU.Build.0 = Debug|Any CPU
		{553C10EE-8E71-8CBE-5E01-888C0ACB1720}.Release|Any CPU.ActiveCfg = Release|Any CPU
		{553C10EE-8E71-8CBE-5E01-888C0ACB1720}.Release|Any CPU.Build.0 = Release|Any CPU
		{C87C2A44-7302-4FB0-8622-2A0F543BBE13}.Debug|Any CPU.ActiveCfg = Debug|Any CPU
		{C87C2A44-7302-4FB0-8622-2A0F543BBE13}.Debug|Any CPU.Build.0 = Debug|Any CPU
		{C87C2A44-7302-4FB0-8622-2A0F543BBE13}.Release|Any CPU.ActiveCfg = Release|Any CPU
		{C87C2A44-7302-4FB0-8622-2A0F543BBE13}.Release|Any CPU.Build.0 = Release|Any CPU
		{BBC3AFE2-7A3D-1C72-8786-6F9BC229590A}.Debug|Any CPU.ActiveCfg = Debug|Any CPU
		{BBC3AFE2-7A3D-1C72-8786-6F9BC229590A}.Debug|Any CPU.Build.0 = Debug|Any CPU
		{BBC3AFE2-7A3D-1C72-8786-6F9BC229590A}.Release|Any CPU.ActiveCfg = Release|Any CPU
		{BBC3AFE2-7A3D-1C72-8786-6F9BC229590A}.Release|Any CPU.Build.0 = Release|Any CPU
		{32890AF2-DDE4-32F8-6499-C3A3048B8087}.Debug|Any CPU.ActiveCfg = Debug|Any CPU
		{32890AF2-DDE4-32F8-6499-C3A3048B8087}.Debug|Any CPU.Build.0 = Debug|Any CPU
		{32890AF2-DDE4-32F8-6499-C3A3048B8087}.Release|Any CPU.ActiveCfg = Release|Any CPU
		{32890AF2-DDE4-32F8-6499-C3A3048B8087}.Release|Any CPU.Build.0 = Release|Any CPU
		{51BA4E84-5DC6-A668-6140-61DC3494F61C}.Debug|Any CPU.ActiveCfg = Debug|Any CPU
		{51BA4E84-5DC6-A668-6140-61DC3494F61C}.Debug|Any CPU.Build.0 = Debug|Any CPU
		{51BA4E84-5DC6-A668-6140-61DC3494F61C}.Release|Any CPU.ActiveCfg = Release|Any CPU
		{51BA4E84-5DC6-A668-6140-61DC3494F61C}.Release|Any CPU.Build.0 = Release|Any CPU
		{8B63C073-8F00-2EFB-CCA6-AC4888EDBF49}.Debug|Any CPU.ActiveCfg = Debug|Any CPU
		{8B63C073-8F00-2EFB-CCA6-AC4888EDBF49}.Debug|Any CPU.Build.0 = Debug|Any CPU
		{8B63C073-8F00-2EFB-CCA6-AC4888EDBF49}.Release|Any CPU.ActiveCfg = Release|Any CPU
		{8B63C073-8F00-2EFB-CCA6-AC4888EDBF49}.Release|Any CPU.Build.0 = Release|Any CPU
		{2F2244D6-E180-345C-C26D-6D47161534B8}.Debug|Any CPU.ActiveCfg = Debug|Any CPU
		{2F2244D6-E180-345C-C26D-6D47161534B8}.Debug|Any CPU.Build.0 = Debug|Any CPU
		{2F2244D6-E180-345C-C26D-6D47161534B8}.Release|Any CPU.ActiveCfg = Release|Any CPU
		{2F2244D6-E180-345C-C26D-6D47161534B8}.Release|Any CPU.Build.0 = Release|Any CPU
		{1F756C29-C098-684A-632B-461F3BE62887}.Debug|Any CPU.ActiveCfg = Debug|Any CPU
		{1F756C29-C098-684A-632B-461F3BE62887}.Debug|Any CPU.Build.0 = Debug|Any CPU
		{1F756C29-C098-684A-632B-461F3BE62887}.Release|Any CPU.ActiveCfg = Release|Any CPU
		{1F756C29-C098-684A-632B-461F3BE62887}.Release|Any CPU.Build.0 = Release|Any CPU
		{50C54021-FF6B-9382-7B53-092F50AFE7DD}.Debug|Any CPU.ActiveCfg = Debug|Any CPU
		{50C54021-FF6B-9382-7B53-092F50AFE7DD}.Debug|Any CPU.Build.0 = Debug|Any CPU
		{50C54021-FF6B-9382-7B53-092F50AFE7DD}.Release|Any CPU.ActiveCfg = Release|Any CPU
		{50C54021-FF6B-9382-7B53-092F50AFE7DD}.Release|Any CPU.Build.0 = Release|Any CPU
	EndGlobalSection
	GlobalSection(SolutionProperties) = preSolution
		HideSolutionNode = FALSE
	EndGlobalSection
EndGlobal
